
Microsoft Visual Studio Solution File, Format Version 12.00
# Visual Studio Version 16
VisualStudioVersion = 16.0.31702.278
MinimumVisualStudioVersion = 10.0.40219.1
Project("{2150E333-8FDC-42A3-9474-1A3956D46DE8}") = "Domain", "Domain", "{7A2C855E-1916-45D1-A056-88183919DC3D}"
EndProject
Project("{2150E333-8FDC-42A3-9474-1A3956D46DE8}") = "Infra", "Infra", "{B4F0A6E5-4951-41D4-B788-27C190A95D21}"
EndProject
Project("{2150E333-8FDC-42A3-9474-1A3956D46DE8}") = "Web", "Web", "{73C548D3-D331-4469-9B9E-A89124A47CA8}"
EndProject
Project("{2150E333-8FDC-42A3-9474-1A3956D46DE8}") = "Application", "Application", "{37BAEFC0-18E5-4EB2-A596-5C7B18FCA768}"
EndProject
Project("{9A19103F-16F7-4668-BE54-9A1E7A4F7556}") = "Shop.Domain", "Shop.Domain\Shop.Domain.csproj", "{0A98B2CA-C007-48D3-B7B2-E58ED230EAA3}"
EndProject
Project("{9A19103F-16F7-4668-BE54-9A1E7A4F7556}") = "Shop.Application", "Shop.Application\Shop.Application.csproj", "{97205484-A0AB-460A-BB81-F042D0DC9596}"
EndProject
Project("{2150E333-8FDC-42A3-9474-1A3956D46DE8}") = "Data", "Data", "{85832FBC-FAE7-48D1-9959-D206844C26D8}"
EndProject
Project("{2150E333-8FDC-42A3-9474-1A3956D46DE8}") = "IOC", "IOC", "{CBEC3E80-C3AF-47EC-94D1-F203401194C2}"
EndProject
Project("{9A19103F-16F7-4668-BE54-9A1E7A4F7556}") = "Shop.Infra.Data", "Shop.Infra.Data\Shop.Infra.Data.csproj", "{B1A779CA-5334-47E6-A993-1AA072C5F248}"
EndProject
Project("{9A19103F-16F7-4668-BE54-9A1E7A4F7556}") = "Shop.Infra.IOC", "Shop.Infra.IOC\Shop.Infra.IOC.csproj", "{F71D90A1-D60B-445D-A28B-97C55694D4D5}"
EndProject
Project("{9A19103F-16F7-4668-BE54-9A1E7A4F7556}") = "Shop.Web", "Shop.Web\Shop.Web.csproj", "{6DC5208E-2DDF-4B1A-BFAF-2A76BF8637FF}"
EndProject
Global
	GlobalSection(SolutionConfigurationPlatforms) = preSolution
		Debug|Any CPU = Debug|Any CPU
		Release|Any CPU = Release|Any CPU
	EndGlobalSection
	GlobalSection(ProjectConfigurationPlatforms) = postSolution
		{0A98B2CA-C007-48D3-B7B2-E58ED230EAA3}.Debug|Any CPU.ActiveCfg = Debug|Any CPU
		{0A98B2CA-C007-48D3-B7B2-E58ED230EAA3}.Debug|Any CPU.Build.0 = Debug|Any CPU
		{0A98B2CA-C007-48D3-B7B2-E58ED230EAA3}.Release|Any CPU.ActiveCfg = Release|Any CPU
		{0A98B2CA-C007-48D3-B7B2-E58ED230EAA3}.Release|Any CPU.Build.0 = Release|Any CPU
		{97205484-A0AB-460A-BB81-F042D0DC9596}.Debug|Any CPU.ActiveCfg = Debug|Any CPU
		{97205484-A0AB-460A-BB81-F042D0DC9596}.Debug|Any CPU.Build.0 = Debug|Any CPU
		{97205484-A0AB-460A-BB81-F042D0DC9596}.Release|Any CPU.ActiveCfg = Release|Any CPU
		{97205484-A0AB-460A-BB81-F042D0DC9596}.Release|Any CPU.Build.0 = Release|Any CPU
		{B1A779CA-5334-47E6-A993-1AA072C5F248}.Debug|Any CPU.ActiveCfg = Debug|Any CPU
		{B1A779CA-5334-47E6-A993-1AA072C5F248}.Debug|Any CPU.Build.0 = Debug|Any CPU
		{B1A779CA-5334-47E6-A993-1AA072C5F248}.Release|Any CPU.ActiveCfg = Release|Any CPU
		{B1A779CA-5334-47E6-A993-1AA072C5F248}.Release|Any CPU.Build.0 = Release|Any CPU
		{F71D90A1-D60B-445D-A28B-97C55694D4D5}.Debug|Any CPU.ActiveCfg = Debug|Any CPU
		{F71D90A1-D60B-445D-A28B-97C55694D4D5}.Debug|Any CPU.Build.0 = Debug|Any CPU
		{F71D90A1-D60B-445D-A28B-97C55694D4D5}.Release|Any CPU.ActiveCfg = Release|Any CPU
		{F71D90A1-D60B-445D-A28B-97C55694D4D5}.Release|Any CPU.Build.0 = Release|Any CPU
		{6DC5208E-2DDF-4B1A-BFAF-2A76BF8637FF}.Debug|Any CPU.ActiveCfg = Debug|Any CPU
		{6DC5208E-2DDF-4B1A-BFAF-2A76BF8637FF}.Debug|Any CPU.Build.0 = Debug|Any CPU
		{6DC5208E-2DDF-4B1A-BFAF-2A76BF8637FF}.Release|Any CPU.ActiveCfg = Release|Any CPU
		{6DC5208E-2DDF-4B1A-BFAF-2A76BF8637FF}.Release|Any CPU.Build.0 = Release|Any CPU
	EndGlobalSection
	GlobalSection(SolutionProperties) = preSolution
		HideSolutionNode = FALSE
	EndGlobalSection
	GlobalSection(NestedProjects) = preSolution
		{0A98B2CA-C007-48D3-B7B2-E58ED230EAA3} = {7A2C855E-1916-45D1-A056-88183919DC3D}
		{97205484-A0AB-460A-BB81-F042D0DC9596} = {37BAEFC0-18E5-4EB2-A596-5C7B18FCA768}
		{85832FBC-FAE7-48D1-9959-D206844C26D8} = {B4F0A6E5-4951-41D4-B788-27C190A95D21}
		{CBEC3E80-C3AF-47EC-94D1-F203401194C2} = {B4F0A6E5-4951-41D4-B788-27C190A95D21}
		{B1A779CA-5334-47E6-A993-1AA072C5F248} = {85832FBC-FAE7-48D1-9959-D206844C26D8}
		{F71D90A1-D60B-445D-A28B-97C55694D4D5} = {CBEC3E80-C3AF-47EC-94D1-F203401194C2}
		{6DC5208E-2DDF-4B1A-BFAF-2A76BF8637FF} = {73C548D3-D331-4469-9B9E-A89124A47CA8}
	EndGlobalSection
	GlobalSection(ExtensibilityGlobals) = postSolution
		SolutionGuid = {06BD549D-2DB2-4A95-8E01-C77A55DC95C4}
	EndGlobalSection
EndGlobal
